# @generated - this file is auto-generated by `mise lock` https://mise.jdx.dev/dev-tools/mise-lock.html

lockfile_version = 1

[conda-packages.linux-x64."_openmp_mutex-4.5-20_gnu"]
url = "https://conda.anaconda.org/conda-forge/linux-64/_openmp_mutex-4.5-20_gnu.conda"
checksum = "sha256:1dd3fffd892081df9726d7eb7e0dea6198962ba775bd88842135a4ddb4deb3c9"

[conda-packages.linux-x64."clang-format-23-23.1.1-default_h0acdd01_0"]
url = "https://conda.anaconda.org/conda-forge/linux-64/clang-format-23-23.1.1-default_h0acdd01_0.conda"
checksum = "sha256:0c57982c9b2ecf772a3fb021bbc5d9c21343241e696f11d1134a3178b4a43678"

[conda-packages.linux-x64."libclang-cpp23.1-23.1.1-default_h0acdd01_0"]
url = "https://conda.anaconda.org/conda-forge/linux-64/libclang-cpp23.1-23.1.1-default_h0acdd01_0.conda"
checksum = "sha256:1a393452606eaed3192783a77acffffce6dec101f44bfa9f1c8b00da0e1b828b"

[conda-packages.linux-x64."libgcc-16.2.0-ha9f2e26_5"]
url = "https://conda.anaconda.org/conda-forge/linux-64/libgcc-16.2.0-ha9f2e26_5.conda"
checksum = "sha256:33d1b5d57c5a55a474330c5ec41fe7001a5aa600d9639389e8ce5edafae216a4"

[conda-packages.linux-x64."libgomp-16.2.0-he0feb66_5"]
url = "https://conda.anaconda.org/conda-forge/linux-64/libgomp-16.2.0-he0feb66_5.conda"
checksum = "sha256:224a5a09e258a1a257089a9af310e9336e1d36834959718a9fab8679742dd822"

[conda-packages.linux-x64."libiconv-1.18-h0cb94f2_3"]
url = "https://conda.anaconda.org/conda-forge/linux-64/libiconv-1.18-h0cb94f2_3.conda"
checksum = "sha256:f943117edb9cd4d9c61cc972eee5a34291dc55ea7a6e9e38da104995841cbcb6"

[conda-packages.linux-x64."libllvm23-23.1.1-h474f4eb_0"]
url = "https://conda.anaconda.org/conda-forge/linux-64/libllvm23-23.1.1-h474f4eb_0.conda"
checksum = "sha256:5c716beeb80cd420c37cb811102a9e76c66072f47ed319de1a931ecdd98c9e6b"

[conda-packages.linux-x64."liblzma-5.8.3-hb03c661_1"]
url = "https://conda.anaconda.org/conda-forge/linux-64/liblzma-5.8.3-hb03c661_1.conda"
checksum = "sha256:9787df8c22a59c9a70d3e5a10db9ad663485e75e9ccc3f09bd092cb7b95e0dab"

[conda-packages.linux-x64."libstdcxx-16.2.0-h934c35e_5"]
url = "https://conda.anaconda.org/conda-forge/linux-64/libstdcxx-16.2.0-h934c35e_5.conda"
checksum = "sha256:38cadde30fad8f7c101f9eec79f60bf03fc99310c7195d23f8b30832516d666f"

[conda-packages.linux-x64."libxml2-16-2.15.4-hbdfff7e_0"]
url = "https://conda.anaconda.org/conda-forge/linux-64/libxml2-16-2.15.4-hbdfff7e_0.conda"
checksum = "sha256:b6f96287c408269f5067bb4f7a61693ff5c856152902362964d9807152b9c146"

[conda-packages.linux-x64."libxml2-2.15.4-ha7a5771_0"]
url = "https://conda.anaconda.org/conda-forge/linux-64/libxml2-2.15.4-ha7a5771_0.conda"
checksum = "sha256:db52c038430a508656530fc7b5650ae3e2629875693a6a256cc48dec203f8bfe"

[conda-packages.linux-x64."libzlib-1.3.2-h25fd6f3_3"]
url = "https://conda.anaconda.org/conda-forge/linux-64/libzlib-1.3.2-h25fd6f3_3.conda"
checksum = "sha256:eb8a0db0aa570124f7d2a93d7c7f596e3390df5e047818d873baad32985fc736"

[conda-packages.linux-x64."zstd-1.5.7-hb78ec9c_7"]
url = "https://conda.anaconda.org/conda-forge/linux-64/zstd-1.5.7-hb78ec9c_7.conda"
checksum = "sha256:47d682b9f6d6ec9eb1a6e6c3e75ea6273e899e78fb7fc59f81d39745009fbc60"

[conda-packages.linux-x64-musl."_openmp_mutex-4.5-20_gnu"]
url = "https://conda.anaconda.org/conda-forge/linux-64/_openmp_mutex-4.5-20_gnu.conda"
checksum = "sha256:1dd3fffd892081df9726d7eb7e0dea6198962ba775bd88842135a4ddb4deb3c9"

[conda-packages.linux-x64-musl."clang-format-23-23.1.1-default_h0acdd01_0"]
url = "https://conda.anaconda.org/conda-forge/linux-64/clang-format-23-23.1.1-default_h0acdd01_0.conda"
checksum = "sha256:0c57982c9b2ecf772a3fb021bbc5d9c21343241e696f11d1134a3178b4a43678"

[conda-packages.linux-x64-musl."libclang-cpp23.1-23.1.1-default_h0acdd01_0"]
url = "https://conda.anaconda.org/conda-forge/linux-64/libclang-cpp23.1-23.1.1-default_h0acdd01_0.conda"
checksum = "sha256:1a393452606eaed3192783a77acffffce6dec101f44bfa9f1c8b00da0e1b828b"

[conda-packages.linux-x64-musl."libgcc-16.2.0-ha9f2e26_5"]
url = "https://conda.anaconda.org/conda-forge/linux-64/libgcc-16.2.0-ha9f2e26_5.conda"
checksum = "sha256:33d1b5d57c5a55a474330c5ec41fe7001a5aa600d9639389e8ce5edafae216a4"

[conda-packages.linux-x64-musl."libgomp-16.2.0-he0feb66_5"]
url = "https://conda.anaconda.org/conda-forge/linux-64/libgomp-16.2.0-he0feb66_5.conda"
checksum = "sha256:224a5a09e258a1a257089a9af310e9336e1d36834959718a9fab8679742dd822"

[conda-packages.linux-x64-musl."libiconv-1.18-h0cb94f2_3"]
url = "https://conda.anaconda.org/conda-forge/linux-64/libiconv-1.18-h0cb94f2_3.conda"
checksum = "sha256:f943117edb9cd4d9c61cc972eee5a34291dc55ea7a6e9e38da104995841cbcb6"

[conda-packages.linux-x64-musl."libllvm23-23.1.1-h474f4eb_0"]
url = "https://conda.anaconda.org/conda-forge/linux-64/libllvm23-23.1.1-h474f4eb_0.conda"
checksum = "sha256:5c716beeb80cd420c37cb811102a9e76c66072f47ed319de1a931ecdd98c9e6b"

[conda-packages.linux-x64-musl."liblzma-5.8.3-hb03c661_1"]
url = "https://conda.anaconda.org/conda-forge/linux-64/liblzma-5.8.3-hb03c661_1.conda"
checksum = "sha256:9787df8c22a59c9a70d3e5a10db9ad663485e75e9ccc3f09bd092cb7b95e0dab"

[conda-packages.linux-x64-musl."libstdcxx-16.2.0-h934c35e_5"]
url = "https://conda.anaconda.org/conda-forge/linux-64/libstdcxx-16.2.0-h934c35e_5.conda"
checksum = "sha256:38cadde30fad8f7c101f9eec79f60bf03fc99310c7195d23f8b30832516d666f"

[conda-packages.linux-x64-musl."libxml2-16-2.15.4-hbdfff7e_0"]
url = "https://conda.anaconda.org/conda-forge/linux-64/libxml2-16-2.15.4-hbdfff7e_0.conda"
checksum = "sha256:b6f96287c408269f5067bb4f7a61693ff5c856152902362964d9807152b9c146"

[conda-packages.linux-x64-musl."libxml2-2.15.4-ha7a5771_0"]
url = "https://conda.anaconda.org/conda-forge/linux-64/libxml2-2.15.4-ha7a5771_0.conda"
checksum = "sha256:db52c038430a508656530fc7b5650ae3e2629875693a6a256cc48dec203f8bfe"

[conda-packages.linux-x64-musl."libzlib-1.3.2-h25fd6f3_3"]
url = "https://conda.anaconda.org/conda-forge/linux-64/libzlib-1.3.2-h25fd6f3_3.conda"
checksum = "sha256:eb8a0db0aa570124f7d2a93d7c7f596e3390df5e047818d873baad32985fc736"

[conda-packages.linux-x64-musl."zstd-1.5.7-hb78ec9c_7"]
url = "https://conda.anaconda.org/conda-forge/linux-64/zstd-1.5.7-hb78ec9c_7.conda"
checksum = "sha256:47d682b9f6d6ec9eb1a6e6c3e75ea6273e899e78fb7fc59f81d39745009fbc60"

[conda-packages.windows-x64."icu-78.3-h5112557_2"]
url = "https://conda.anaconda.org/conda-forge/win-64/icu-78.3-h5112557_2.conda"
checksum = "sha256:75c549b55b673e15de8785a8e5dd85bca7eb612eee0ff4dc8d7bdaa15eacbdbb"

[conda-packages.windows-x64."libiconv-1.18-hc1393d2_3"]
url = "https://conda.anaconda.org/conda-forge/win-64/libiconv-1.18-hc1393d2_3.conda"
checksum = "sha256:35e04e3ddac7720fc7c550a1c9f998604299d6a7bd1f3ec9b2825d825061daa2"

[conda-packages.windows-x64."liblzma-5.8.3-hfd05255_1"]
url = "https://conda.anaconda.org/conda-forge/win-64/liblzma-5.8.3-hfd05255_1.conda"
checksum = "sha256:d36c4a1e1f80fd08e18a407e03622ff2f34dfdd022da6488ad19603dea19e6d5"

[conda-packages.windows-x64."libxml2-16-2.15.4-h3cfd58e_0"]
url = "https://conda.anaconda.org/conda-forge/win-64/libxml2-16-2.15.4-h3cfd58e_0.conda"
checksum = "sha256:9fa71cec30425c9cc8eda6af3574af1faf4fefa5e239c9e037b1f778ef3ce8ac"

[conda-packages.windows-x64."libxml2-2.15.4-he095d88_0"]
url = "https://conda.anaconda.org/conda-forge/win-64/libxml2-2.15.4-he095d88_0.conda"
checksum = "sha256:a19bb3821830f6b1281e782844d5dd265f796dfed2e4812b16c9995a8c778c88"

[conda-packages.windows-x64."libzlib-1.3.2-hfd05255_3"]
url = "https://conda.anaconda.org/conda-forge/win-64/libzlib-1.3.2-hfd05255_3.conda"
checksum = "sha256:0629c2cc0404d3bb29d6baa7b4ba62da80797015e86de050db81ea5a07050527"

[conda-packages.windows-x64."llvm-openmp-23.1.1-h49e36cd_0"]
url = "https://conda.anaconda.org/conda-forge/win-64/llvm-openmp-23.1.1-h49e36cd_0.conda"
checksum = "sha256:49b0967e84eae82cc2acaf4400629c7b9c08a491b9c8d3343f3f5f2feee7138d"

[conda-packages.windows-x64."ucrt-10.0.26100.0-h57928b3_0"]
url = "https://conda.anaconda.org/conda-forge/win-64/ucrt-10.0.26100.0-h57928b3_0.conda"
checksum = "sha256:3005729dce6f3d3f5ec91dfc49fc75a0095f9cd23bab49efb899657297ac91a5"

[conda-packages.windows-x64."vc-14.5-ha367084_41"]
url = "https://conda.anaconda.org/conda-forge/win-64/vc-14.5-ha367084_41.conda"
checksum = "sha256:35444c55a92e2f7f7ba26bc70f81e56e52344f7d064c0fd4b40a46a58517b79c"

[conda-packages.windows-x64."vc14_runtime-14.51.36247-habf1de7_41"]
url = "https://conda.anaconda.org/conda-forge/win-64/vc14_runtime-14.51.36247-habf1de7_41.conda"
checksum = "sha256:4e4cb599cdc41bf2109d1464c127b5bcbddf548ce3e322e612afb691338b48f8"

[conda-packages.windows-x64."vcomp14-14.51.36247-habf1de7_41"]
url = "https://conda.anaconda.org/conda-forge/win-64/vcomp14-14.51.36247-habf1de7_41.conda"
checksum = "sha256:731e043390c9457299484d39e427221fc868a9249540a498a5a4f6456c7744d1"

[conda-packages.windows-x64."zstd-1.5.7-h534d264_7"]
url = "https://conda.anaconda.org/conda-forge/win-64/zstd-1.5.7-h534d264_7.conda"
checksum = "sha256:ca7daae4f218a11fab82cc2857f0ea518ec3f46acec60490485347a4c22c6b3e"

[[tools."cargo:aviutl2-cli"]]
version = "0.11.2"
backend = "cargo:aviutl2-cli"
specifiers = ["latest"]

[[tools.clang-format]]
version = "23.1.1"
backend = "conda:clang-format"
specifiers = ["latest"]

[tools.clang-format.options]
channel = "conda-forge"

[tools.clang-format."platforms.linux-x64"]
checksum = "sha256:1daceaad87b9e60bd75d1a49123141b9cdaeaf784031d1c787f77fb9ab8da2ab"
url = "https://conda.anaconda.org/conda-forge/linux-64/clang-format-23.1.1-default_h77a3a2e_0.conda"
conda_deps = [
    "clang-format-23-23.1.1-default_h0acdd01_0",
    "libclang-cpp23.1-23.1.1-default_h0acdd01_0",
    "libllvm23-23.1.1-h474f4eb_0",
    "libxml2-16-2.15.4-hbdfff7e_0",
    "libxml2-2.15.4-ha7a5771_0",
    "libzlib-1.3.2-h25fd6f3_3",
    "libstdcxx-16.2.0-h934c35e_5",
    "libgcc-16.2.0-ha9f2e26_5",
    "zstd-1.5.7-hb78ec9c_7",
    "_openmp_mutex-4.5-20_gnu",
    "libgomp-16.2.0-he0feb66_5",
    "liblzma-5.8.3-hb03c661_1",
    "libiconv-1.18-h0cb94f2_3",
]

[tools.clang-format."platforms.linux-x64-musl"]
checksum = "sha256:1daceaad87b9e60bd75d1a49123141b9cdaeaf784031d1c787f77fb9ab8da2ab"
url = "https://conda.anaconda.org/conda-forge/linux-64/clang-format-23.1.1-default_h77a3a2e_0.conda"
conda_deps = [
    "clang-format-23-23.1.1-default_h0acdd01_0",
    "libclang-cpp23.1-23.1.1-default_h0acdd01_0",
    "libllvm23-23.1.1-h474f4eb_0",
    "libxml2-16-2.15.4-hbdfff7e_0",
    "libxml2-2.15.4-ha7a5771_0",
    "libzlib-1.3.2-h25fd6f3_3",
    "libstdcxx-16.2.0-h934c35e_5",
    "libgcc-16.2.0-ha9f2e26_5",
    "zstd-1.5.7-hb78ec9c_7",
    "_openmp_mutex-4.5-20_gnu",
    "libgomp-16.2.0-he0feb66_5",
    "liblzma-5.8.3-hb03c661_1",
    "libiconv-1.18-h0cb94f2_3",
]

[tools.clang-format."platforms.windows-x64"]
checksum = "sha256:d1475c991030aeabdaecc83a9bf5d2d263f5d224355d3ff0f6cb584ac6f796d4"
url = "https://conda.anaconda.org/conda-forge/win-64/clang-format-23.1.1-default_hacd6ee9_0.conda"
conda_deps = [
    "llvm-openmp-23.1.1-h49e36cd_0",
    "vc-14.5-ha367084_41",
    "vc14_runtime-14.51.36247-habf1de7_41",
    "vcomp14-14.51.36247-habf1de7_41",
    "ucrt-10.0.26100.0-h57928b3_0",
    "libxml2-16-2.15.4-h3cfd58e_0",
    "libxml2-2.15.4-he095d88_0",
    "libzlib-1.3.2-hfd05255_3",
    "zstd-1.5.7-h534d264_7",
    "icu-78.3-h5112557_2",
    "libiconv-1.18-hc1393d2_3",
    "liblzma-5.8.3-hfd05255_1",
]

[[tools."github:karoterra/aviutl2-aulua"]]
version = "0.14.0"
backend = "github:karoterra/aviutl2-aulua"
specifiers = ["latest"]

[tools."github:karoterra/aviutl2-aulua"."platforms.linux-x64"]
checksum = "sha256:ed87b11e3a06b7d843d40d0b1605626d2a982f411b66b18da51dc4c175336696"
url = "https://github.com/karoterra/aviutl2-aulua/releases/download/v0.14.0/aulua-v0.14.0-linux-x64.tar.gz"
url_api = "https://api.github.com/repos/karoterra/aviutl2-aulua/releases/assets/525050796"
provenance = "github-attestations"

[tools."github:karoterra/aviutl2-aulua"."platforms.linux-x64-musl"]
checksum = "sha256:ed87b11e3a06b7d843d40d0b1605626d2a982f411b66b18da51dc4c175336696"
url = "https://github.com/karoterra/aviutl2-aulua/releases/download/v0.14.0/aulua-v0.14.0-linux-x64.tar.gz"
url_api = "https://api.github.com/repos/karoterra/aviutl2-aulua/releases/assets/525050796"
provenance = "github-attestations"

[tools."github:karoterra/aviutl2-aulua"."platforms.windows-x64"]
checksum = "sha256:814caa59b276a2d5f28c421c7259cb0d5e0373bf853d524600383bd2e2661fe9"
url = "https://github.com/karoterra/aviutl2-aulua/releases/download/v0.14.0/aulua-v0.14.0-windows-x64.zip"
url_api = "https://api.github.com/repos/karoterra/aviutl2-aulua/releases/assets/525050795"
provenance = "github-attestations"
provenance_verified = true

[[tools.ruby]]
version = "4.0.6"
backend = "core:ruby"
specifiers = ["latest"]
